
Microsoft Visual Studio Solution File, Format Version 12.00
Project("{FAE04EC0-301F-11D3-BF4B-00C04F79EFBC}") = "HRDCD.Common.Tasks", "HRDCD.Common.Tasks\HRDCD.Common.Tasks.csproj", "{4138BF59-A141-4D3F-ADDD-F2819A448BE1}"
EndProject
Project("{FAE04EC0-301F-11D3-BF4B-00C04F79EFBC}") = "HRDCD.Common.DataModel", "HRDCD.Common.DataModel\HRDCD.Common.DataModel.csproj", "{900F44AD-FA4E-460E-B3B0-391E63242034}"
EndProject
Global
	GlobalSection(SolutionConfigurationPlatforms) = preSolution
		Debug|Any CPU = Debug|Any CPU
		Release|Any CPU = Release|Any CPU
	EndGlobalSection
	GlobalSection(ProjectConfigurationPlatforms) = postSolution
		{4138BF59-A141-4D3F-ADDD-F2819A448BE1}.Debug|Any CPU.ActiveCfg = Debug|Any CPU
		{4138BF59-A141-4D3F-ADDD-F2819A448BE1}.Debug|Any CPU.Build.0 = Debug|Any CPU
		{4138BF59-A141-4D3F-ADDD-F2819A448BE1}.Release|Any CPU.ActiveCfg = Release|Any CPU
		{4138BF59-A141-4D3F-ADDD-F2819A448BE1}.Release|Any CPU.Build.0 = Release|Any CPU
		{900F44AD-FA4E-460E-B3B0-391E63242034}.Debug|Any CPU.ActiveCfg = Debug|Any CPU
		{900F44AD-FA4E-460E-B3B0-391E63242034}.Debug|Any CPU.Build.0 = Debug|Any CPU
		{900F44AD-FA4E-460E-B3B0-391E63242034}.Release|Any CPU.ActiveCfg = Release|Any CPU
		{900F44AD-FA4E-460E-B3B0-391E63242034}.Release|Any CPU.Build.0 = Release|Any CPU
	EndGlobalSection
EndGlobal
