
Microsoft Visual Studio Solution File, Format Version 12.00
Project("{FAE04EC0-301F-11D3-BF4B-00C04F79EFBC}") = "HRDCD.Order.DataModel", "HRDCD.Order.DataModel\HRDCD.Order.DataModel.csproj", "{80E87233-39A9-48F4-8FCE-9EECD32AB53D}"
EndProject
Project("{FAE04EC0-301F-11D3-BF4B-00C04F79EFBC}") = "HRDCD.Order.Tasks", "HRDCD.Order.Tasks\HRDCD.Order.Tasks.csproj", "{B8DB8A8C-8388-4B31-A90A-0000DED4CFAC}"
EndProject
Project("{FAE04EC0-301F-11D3-BF4B-00C04F79EFBC}") = "HRDCD.Order.Database", "HRDCD.Order.Database\HRDCD.Order.Database.csproj", "{10F15A39-71F9-493C-975B-8C6478DA6E82}"
EndProject
Project("{2150E333-8FDC-42A3-9474-1A3956D46DE8}") = "Shared", "Shared", "{640BB385-772E-46E6-8B6C-E077389748C8}"
	ProjectSection(SolutionItems) = preProject
		ca.ruleset = ca.ruleset
		Directory.Build.props = Directory.Build.props
	EndProjectSection
EndProject
Project("{FAE04EC0-301F-11D3-BF4B-00C04F79EFBC}") = "HRDCD.Order.Api", "HRDCD.Order.Api\HRDCD.Order.Api.csproj", "{79DFA10E-0565-4938-8095-A1A888501052}"
EndProject
Project("{FAE04EC0-301F-11D3-BF4B-00C04F79EFBC}") = "HRDCD.Order.Faker", "HRDCD.Order.Faker\HRDCD.Order.Faker.csproj", "{F4CCE8E5-7899-4805-98AC-A88AB9209DBB}"
EndProject
Global
	GlobalSection(SolutionConfigurationPlatforms) = preSolution
		Debug|Any CPU = Debug|Any CPU
		Release|Any CPU = Release|Any CPU
	EndGlobalSection
	GlobalSection(ProjectConfigurationPlatforms) = postSolution
		{80E87233-39A9-48F4-8FCE-9EECD32AB53D}.Debug|Any CPU.ActiveCfg = Debug|Any CPU
		{80E87233-39A9-48F4-8FCE-9EECD32AB53D}.Debug|Any CPU.Build.0 = Debug|Any CPU
		{80E87233-39A9-48F4-8FCE-9EECD32AB53D}.Release|Any CPU.ActiveCfg = Release|Any CPU
		{80E87233-39A9-48F4-8FCE-9EECD32AB53D}.Release|Any CPU.Build.0 = Release|Any CPU
		{B8DB8A8C-8388-4B31-A90A-0000DED4CFAC}.Debug|Any CPU.ActiveCfg = Debug|Any CPU
		{B8DB8A8C-8388-4B31-A90A-0000DED4CFAC}.Debug|Any CPU.Build.0 = Debug|Any CPU
		{B8DB8A8C-8388-4B31-A90A-0000DED4CFAC}.Release|Any CPU.ActiveCfg = Release|Any CPU
		{B8DB8A8C-8388-4B31-A90A-0000DED4CFAC}.Release|Any CPU.Build.0 = Release|Any CPU
		{10F15A39-71F9-493C-975B-8C6478DA6E82}.Debug|Any CPU.ActiveCfg = Debug|Any CPU
		{10F15A39-71F9-493C-975B-8C6478DA6E82}.Debug|Any CPU.Build.0 = Debug|Any CPU
		{10F15A39-71F9-493C-975B-8C6478DA6E82}.Release|Any CPU.ActiveCfg = Release|Any CPU
		{10F15A39-71F9-493C-975B-8C6478DA6E82}.Release|Any CPU.Build.0 = Release|Any CPU
		{79DFA10E-0565-4938-8095-A1A888501052}.Debug|Any CPU.ActiveCfg = Debug|Any CPU
		{79DFA10E-0565-4938-8095-A1A888501052}.Debug|Any CPU.Build.0 = Debug|Any CPU
		{79DFA10E-0565-4938-8095-A1A888501052}.Release|Any CPU.ActiveCfg = Release|Any CPU
		{79DFA10E-0565-4938-8095-A1A888501052}.Release|Any CPU.Build.0 = Release|Any CPU
		{F4CCE8E5-7899-4805-98AC-A88AB9209DBB}.Debug|Any CPU.ActiveCfg = Debug|Any CPU
		{F4CCE8E5-7899-4805-98AC-A88AB9209DBB}.Debug|Any CPU.Build.0 = Debug|Any CPU
		{F4CCE8E5-7899-4805-98AC-A88AB9209DBB}.Release|Any CPU.ActiveCfg = Release|Any CPU
		{F4CCE8E5-7899-4805-98AC-A88AB9209DBB}.Release|Any CPU.Build.0 = Release|Any CPU
	EndGlobalSection
EndGlobal
